
Microsoft Visual Studio Solution File, Format Version 12.00
# Visual Studio Version 16
VisualStudioVersion = 16.0.29911.84
MinimumVisualStudioVersion = 10.0.40219.1
Project("{9A19103F-16F7-4668-BE54-9A1E7A4F7556}") = "Alive.Agent.Console", "..\Alive.Agent.Console\Alive.Agent.Console.csproj", "{B531F992-295E-49A5-8BAF-8A8A33718A43}"
EndProject
Project("{9A19103F-16F7-4668-BE54-9A1E7A4F7556}") = "Alive.Agent.DomainLayer", "..\Alive.Agent.DomainLayer\Alive.Agent.DomainLayer.csproj", "{F9117533-EFCC-443D-8E90-42766F270AE1}"
EndProject
Global
	GlobalSection(SolutionConfigurationPlatforms) = preSolution
		Debug|Any CPU = Debug|Any CPU
		Release|Any CPU = Release|Any CPU
	EndGlobalSection
	GlobalSection(ProjectConfigurationPlatforms) = postSolution
		{B531F992-295E-49A5-8BAF-8A8A33718A43}.Debug|Any CPU.ActiveCfg = Debug|Any CPU
		{B531F992-295E-49A5-8BAF-8A8A33718A43}.Debug|Any CPU.Build.0 = Debug|Any CPU
		{B531F992-295E-49A5-8BAF-8A8A33718A43}.Release|Any CPU.ActiveCfg = Release|Any CPU
		{B531F992-295E-49A5-8BAF-8A8A33718A43}.Release|Any CPU.Build.0 = Release|Any CPU
		{F9117533-EFCC-443D-8E90-42766F270AE1}.Debug|Any CPU.ActiveCfg = Debug|Any CPU
		{F9117533-EFCC-443D-8E90-42766F270AE1}.Debug|Any CPU.Build.0 = Debug|Any CPU
		{F9117533-EFCC-443D-8E90-42766F270AE1}.Release|Any CPU.ActiveCfg = Release|Any CPU
		{F9117533-EFCC-443D-8E90-42766F270AE1}.Release|Any CPU.Build.0 = Release|Any CPU
	EndGlobalSection
	GlobalSection(SolutionProperties) = preSolution
		HideSolutionNode = FALSE
	EndGlobalSection
	GlobalSection(ExtensibilityGlobals) = postSolution
		SolutionGuid = {C3B353E1-3E43-4B64-9EA4-067165EFE85C}
	EndGlobalSection
EndGlobal
